
Microsoft Visual Studio Solution File, Format Version 12.00
# Visual Studio Version 17
VisualStudioVersion = 17.14.36202.13
MinimumVisualStudioVersion = 10.0.40219.1
Project("{FAE04EC0-301F-11D3-BF4B-00C04F79EFBC}") = "ep-synoptic-2005", "ep-synoptic-2005.csproj", "{B42F6AA6-79AC-4401-A56D-FCAB7E1F9553}"
EndProject
Global
	GlobalSection(SolutionConfigurationPlatforms) = preSolution
		Debug|Any CPU = Debug|Any CPU
		Release|Any CPU = Release|Any CPU
	EndGlobalSection
	GlobalSection(ProjectConfigurationPlatforms) = postSolution
		{B42F6AA6-79AC-4401-A56D-FCAB7E1F9553}.Debug|Any CPU.ActiveCfg = Debug|Any CPU
		{B42F6AA6-79AC-4401-A56D-FCAB7E1F9553}.Debug|Any CPU.Build.0 = Debug|Any CPU
		{B42F6AA6-79AC-4401-A56D-FCAB7E1F9553}.Release|Any CPU.ActiveCfg = Release|Any CPU
		{B42F6AA6-79AC-4401-A56D-FCAB7E1F9553}.Release|Any CPU.Build.0 = Release|Any CPU
	EndGlobalSection
	GlobalSection(SolutionProperties) = preSolution
		HideSolutionNode = FALSE
	EndGlobalSection
	GlobalSection(ExtensibilityGlobals) = postSolution
		SolutionGuid = {0D77150C-4EBF-4261-9FC1-7FDEC928AB51}
	EndGlobalSection
EndGlobal
